# THIS IS AN AUTOGENERATED FILE. DO NOT EDIT THIS FILE DIRECTLY.
# yarn lockfile v1


"@tensorflow/tfjs-converter@1.5.2":
  version "1.5.2"
  resolved "https://registry.yarnpkg.com/@tensorflow/tfjs-converter/-/tfjs-converter-1.5.2.tgz#ec1373f421313bdc6aac46d5578deb58e5093e8c"
  integrity sha512-RRrB8lZFxjLPHO6TwEJPgViVuJP5yqq0IPqA35PhWLYjsNNuC6Tx8vxEa5BZ0Le0mX21CTURak6pdmyac/Jc2w==

"@tensorflow/tfjs-core@1.5.2":
  version "1.5.2"
  resolved "https://registry.yarnpkg.com/@tensorflow/tfjs-core/-/tfjs-core-1.5.2.tgz#df76752cf7c43987df1548fb69820935bd8215d7"
  integrity sha512-Rj6l8xf0PxrEKctvX3bvxjqhHLaCBQT0ChvqFK6//HBu8A1/ao4SzeVKpXKNnP9Niax+qV3c9U9VcOwwIkCMag==
  dependencies:
    "@types/offscreencanvas" "~2019.3.0"
    "@types/seedrandom" "2.4.27"
    "@types/webgl-ext" "0.0.30"
    "@types/webgl2" "0.0.4"
    node-fetch "~2.1.2"
    seedrandom "2.4.3"

"@tensorflow/tfjs-data@1.5.2":
  version "1.5.2"
  resolved "https://registry.yarnpkg.com/@tensorflow/tfjs-data/-/tfjs-data-1.5.2.tgz#04a585f71e36bda3dbffe8844a2468a0adb63efa"
  integrity sha512-ruCsTSyH67CADWthgLQlWKh8u8YGEXD+4vsW8uOGdFNcDFLcL0ffy4jsSzIV/X6NdPIWYsvSHmiz57LtgfCFew==
  dependencies:
    "@types/node-fetch" "^2.1.2"
    node-fetch "~2.1.2"

"@tensorflow/tfjs-layers@1.5.2":
  version "1.5.2"
  resolved "https://registry.yarnpkg.com/@tensorflow/tfjs-layers/-/tfjs-layers-1.5.2.tgz#8d92e8a1462f7be6b6ee9a1e5217ea3a21fbc1f9"
  integrity sha512-fn2hi5D1sOKGEgiBCuoU/hTHO87znODweGivIn6x2HMtF1EC39QWroYQBWzJyrWWMOUZZ4nOFR6coA0Fkhc+nA==

"@tensorflow/tfjs@^1.5.2":
  version "1.5.2"
  resolved "https://registry.yarnpkg.com/@tensorflow/tfjs/-/tfjs-1.5.2.tgz#d1ebd5730429ae970b65dd228c101c7bf1ca90de"
  integrity sha512-BCvcbnkE/zMdORIGE7TFAiJU3zLLVUaRv/HyWucVVyHU40oU4L5mGyRXK6RwqU38KmeK3HSI5rUHop4cLNUaRQ==
  dependencies:
    "@tensorflow/tfjs-converter" "1.5.2"
    "@tensorflow/tfjs-core" "1.5.2"
    "@tensorflow/tfjs-data" "1.5.2"
    "@tensorflow/tfjs-layers" "1.5.2"

"@types/node-fetch@^2.1.2":
  version "2.5.4"
  resolved "https://registry.yarnpkg.com/@types/node-fetch/-/node-fetch-2.5.4.tgz#5245b6d8841fc3a6208b82291119bc11c4e0ce44"
  integrity sha512-Oz6id++2qAOFuOlE1j0ouk1dzl3mmI1+qINPNBhi9nt/gVOz0G+13Ao6qjhdF0Ys+eOkhu6JnFmt38bR3H0POQ==
  dependencies:
    "@types/node" "*"

"@types/node@*":
  version "13.5.3"
  resolved "https://registry.yarnpkg.com/@types/node/-/node-13.5.3.tgz#37f1f539b7535b9fb4ef77d59db1847a837b7f17"
  integrity sha512-ZPnWX9PW992w6DUsz3JIXHaSb5v7qmKCVzC3km6SxcDGxk7zmLfYaCJTbktIa5NeywJkkZDhGldKqDIvC5DRrA==

"@types/offscreencanvas@~2019.3.0":
  version "2019.3.0"
  resolved "https://registry.yarnpkg.com/@types/offscreencanvas/-/offscreencanvas-2019.3.0.tgz#3336428ec7e9180cf4566dfea5da04eb586a6553"
  integrity sha512-esIJx9bQg+QYF0ra8GnvfianIY8qWB0GBx54PK5Eps6m+xTj86KLavHv6qDhzKcu5UUOgNfJ2pWaIIV7TRUd9Q==

"@types/seedrandom@2.4.27":
  version "2.4.27"
  resolved "https://registry.yarnpkg.com/@types/seedrandom/-/seedrandom-2.4.27.tgz#9db563937dd86915f69092bc43259d2f48578e41"
  integrity sha1-nbVjk33YaRX2kJK8QyWdL0hXjkE=

"@types/webgl-ext@0.0.30":
  version "0.0.30"
  resolved "https://registry.yarnpkg.com/@types/webgl-ext/-/webgl-ext-0.0.30.tgz#0ce498c16a41a23d15289e0b844d945b25f0fb9d"
  integrity sha512-LKVgNmBxN0BbljJrVUwkxwRYqzsAEPcZOe6S2T6ZaBDIrFp0qu4FNlpc5sM1tGbXUYFgdVQIoeLk1Y1UoblyEg==

"@types/webgl2@0.0.4":
  version "0.0.4"
  resolved "https://registry.yarnpkg.com/@types/webgl2/-/webgl2-0.0.4.tgz#c3b0f9d6b465c66138e84e64cb3bdf8373c2c279"
  integrity sha512-PACt1xdErJbMUOUweSrbVM7gSIYm1vTncW2hF6Os/EeWi6TXYAYMPp+8v6rzHmypE5gHrxaxZNXgMkJVIdZpHw==

bootstrap@^4.4.1:
  version "4.4.1"
  resolved "https://registry.yarnpkg.com/bootstrap/-/bootstrap-4.4.1.tgz#8582960eea0c5cd2bede84d8b0baf3789c3e8b01"
  integrity sha512-tbx5cHubwE6e2ZG7nqM3g/FZ5PQEDMWmMGNrCUBVRPHXTJaH7CBDdsLeu3eCh3B1tzAxTnAbtmrzvWEvT2NNEA==

node-fetch@~2.1.2:
  version "2.1.2"
  resolved "https://registry.yarnpkg.com/node-fetch/-/node-fetch-2.1.2.tgz#ab884e8e7e57e38a944753cec706f788d1768bb5"
  integrity sha1-q4hOjn5X44qUR1POxwb3iNF2i7U=

seedrandom@2.4.3:
  version "2.4.3"
  resolved "https://registry.yarnpkg.com/seedrandom/-/seedrandom-2.4.3.tgz#2438504dad33917314bff18ac4d794f16d6aaecc"
  integrity sha1-JDhQTa0zkXMUv/GKxNeU8W1qrsw=
